
Microsoft Visual Studio Solution File, Format Version 12.00
# Visual Studio 15
VisualStudioVersion = 15.0.28010.2046
MinimumVisualStudioVersion = 10.0.40219.1
Project("{FAE04EC0-301F-11D3-BF4B-00C04F79EFBC}") = "EquazioniLibrary", "EquazioniLibrary\EquazioniLibrary.csproj", "{9B51A73C-6492-443C-981F-F0CF943BFD21}"
EndProject
Project("{FAE04EC0-301F-11D3-BF4B-00C04F79EFBC}") = "CalcoliCombinatori.Test", "CalcoliCombinatori.Test\CalcoliCombinatori.Test.csproj", "{9976280D-CFF5-40AD-B32E-5DB91F03ABC9}"
EndProject
Global
	GlobalSection(SolutionConfigurationPlatforms) = preSolution
		Debug|Any CPU = Debug|Any CPU
		Release|Any CPU = Release|Any CPU
	EndGlobalSection
	GlobalSection(ProjectConfigurationPlatforms) = postSolution
		{9B51A73C-6492-443C-981F-F0CF943BFD21}.Debug|Any CPU.ActiveCfg = Debug|Any CPU
		{9B51A73C-6492-443C-981F-F0CF943BFD21}.Debug|Any CPU.Build.0 = Debug|Any CPU
		{9B51A73C-6492-443C-981F-F0CF943BFD21}.Release|Any CPU.ActiveCfg = Release|Any CPU
		{9B51A73C-6492-443C-981F-F0CF943BFD21}.Release|Any CPU.Build.0 = Release|Any CPU
		{9976280D-CFF5-40AD-B32E-5DB91F03ABC9}.Debug|Any CPU.ActiveCfg = Debug|Any CPU
		{9976280D-CFF5-40AD-B32E-5DB91F03ABC9}.Debug|Any CPU.Build.0 = Debug|Any CPU
		{9976280D-CFF5-40AD-B32E-5DB91F03ABC9}.Release|Any CPU.ActiveCfg = Release|Any CPU
		{9976280D-CFF5-40AD-B32E-5DB91F03ABC9}.Release|Any CPU.Build.0 = Release|Any CPU
	EndGlobalSection
	GlobalSection(SolutionProperties) = preSolution
		HideSolutionNode = FALSE
	EndGlobalSection
	GlobalSection(ExtensibilityGlobals) = postSolution
		SolutionGuid = {7948246F-D0FA-4A76-836B-00645348C221}
	EndGlobalSection
EndGlobal
